lockfileVersion: '6.0'

settings:
  autoInstallPeers: true
  excludeLinksFromLockfile: false

devDependencies:
  scss:
    specifier: ^0.2.4
    version: registry.npmmirror.com/scss@0.2.4

packages:

  registry.npmmirror.com/ometa@0.2.2:
    resolution: {integrity: sha512-LZuoK/yjU3FvrxPjUXUlZ1bavCfBPqauA7fsNdwi+AVhRdyk2IzgP3JRnevvjzQ6fKHdUw8YISshf53FmpHrng==, registry: https://registry.npm.taobao.org/, tarball: https://registry.npmmirror.com/ometa/-/ometa-0.2.2.tgz}
    name: ometa
    version: 0.2.2
    engines: {node: '>= 0.2.0'}
    dev: true

  registry.npmmirror.com/scss@0.2.4:
    resolution: {integrity: sha512-4u8V87F+Q/upVhUmhPnB4C1R11xojkRkWjExL2v0CX2EXTg18VrKd+9JWoeyCp2VEMdSpJsyAvVU+rVjogh51A==, registry: https://registry.npm.taobao.org/, tarball: https://registry.npmmirror.com/scss/-/scss-0.2.4.tgz}
    name: scss
    version: 0.2.4
    engines: {node: '>= 0.2.0'}
    dependencies:
      ometa: registry.npmmirror.com/ometa@0.2.2
    dev: true
